
Microsoft Visual Studio Solution File, Format Version 10.00
# Visual Studio 2008
Project("{FAE04EC0-301F-11D3-BF4B-00C04F79EFBC}") = "jisuan", "Csharp\jisuan.csproj", "{C8E50A99-F26B-4F2A-B7AE-3D5CD0138685}"
EndProject
Project("{FAE04EC0-301F-11D3-BF4B-00C04F79EFBC}") = "LinkLabel", "LinkLabel\LinkLabel.csproj", "{47B33585-D3F6-477E-9E3B-75D594B177E5}"
EndProject
Project("{FAE04EC0-301F-11D3-BF4B-00C04F79EFBC}") = "PictureBox", "PictureBox\PictureBox.csproj", "{4E70CC90-9B29-443D-82CE-34A770E22A82}"
EndProject
Project("{FAE04EC0-301F-11D3-BF4B-00C04F79EFBC}") = "TextToUL", "TextToUL\TextToUL.csproj", "{C7F56103-116D-4FB7-B5DB-4A21A54301F0}"
EndProject
Project("{FAE04EC0-301F-11D3-BF4B-00C04F79EFBC}") = "rnd", "rnd\rnd.csproj", "{5A21F18B-21E0-4D3E-BD94-779448309192}"
EndProject
Project("{FAE04EC0-301F-11D3-BF4B-00C04F79EFBC}") = "票面分配程序", "票面分配程序\票面分配程序.csproj", "{EEACBDE3-7483-4FD7-BAA9-91CDEF219529}"
EndProject
Project("{FAE04EC0-301F-11D3-BF4B-00C04F79EFBC}") = "时间与日期", "时间与日期\时间与日期.csproj", "{16B8CD68-BBA4-4BF1-860E-217442D1AD81}"
EndProject
Project("{FAE04EC0-301F-11D3-BF4B-00C04F79EFBC}") = "设置字体字型", "设置字体字型\设置字体字型.csproj", "{81E86ED7-9E16-4438-8752-3A25679030C0}"
EndProject
Project("{FAE04EC0-301F-11D3-BF4B-00C04F79EFBC}") = "ListBox", "ListBox\ListBox.csproj", "{576DF02F-73E7-4699-9634-C631B4B4BE92}"
EndProject
Project("{FAE04EC0-301F-11D3-BF4B-00C04F79EFBC}") = "ComboBox", "ComboBox\ComboBox.csproj", "{1C21617C-1ADF-4221-A87C-60C4D38ABE1C}"
EndProject
Project("{FAE04EC0-301F-11D3-BF4B-00C04F79EFBC}") = "Timer", "Timer\Timer.csproj", "{5FD6BD7B-D65E-4684-B065-9F0FFDC94C54}"
EndProject
Project("{FAE04EC0-301F-11D3-BF4B-00C04F79EFBC}") = "EClock", "EClock\EClock.csproj", "{F33F0FE0-6EE5-4BCD-9511-462FBF886237}"
EndProject
Project("{FAE04EC0-301F-11D3-BF4B-00C04F79EFBC}") = "SimpleClass", "SimpleClass\SimpleClass.csproj", "{320C60F2-E222-47BB-BE3F-2CF5040E4B48}"
EndProject
Project("{FAE04EC0-301F-11D3-BF4B-00C04F79EFBC}") = "按钮类控件", "按钮类控件\按钮类控件.csproj", "{6F3569A5-B683-427C-ABFD-8BB4A1EFAFAF}"
EndProject
Project("{FAE04EC0-301F-11D3-BF4B-00C04F79EFBC}") = "水平滚动条控件", "滚动类控件\水平滚动条控件.csproj", "{AFB5FD9F-8178-4207-BDC7-3DB0C2EC36FB}"
EndProject
Project("{FAE04EC0-301F-11D3-BF4B-00C04F79EFBC}") = "进程条控件", "进程条控件\进程条控件.csproj", "{4F65EF17-9E54-4FC6-8BB0-BDFC059B93AB}"
EndProject
Project("{FAE04EC0-301F-11D3-BF4B-00C04F79EFBC}") = "跟踪条控件", "跟踪条控件\跟踪条控件.csproj", "{082732AE-82BF-48EF-AE21-A0C40AC6478A}"
EndProject
Global
	GlobalSection(SolutionConfigurationPlatforms) = preSolution
		Debug|Any CPU = Debug|Any CPU
		Release|Any CPU = Release|Any CPU
	EndGlobalSection
	GlobalSection(ProjectConfigurationPlatforms) = postSolution
		{C8E50A99-F26B-4F2A-B7AE-3D5CD0138685}.Debug|Any CPU.ActiveCfg = Debug|Any CPU
		{C8E50A99-F26B-4F2A-B7AE-3D5CD0138685}.Debug|Any CPU.Build.0 = Debug|Any CPU
		{C8E50A99-F26B-4F2A-B7AE-3D5CD0138685}.Release|Any CPU.ActiveCfg = Release|Any CPU
		{C8E50A99-F26B-4F2A-B7AE-3D5CD0138685}.Release|Any CPU.Build.0 = Release|Any CPU
		{47B33585-D3F6-477E-9E3B-75D594B177E5}.Debug|Any CPU.ActiveCfg = Debug|Any CPU
		{47B33585-D3F6-477E-9E3B-75D594B177E5}.Debug|Any CPU.Build.0 = Debug|Any CPU
		{47B33585-D3F6-477E-9E3B-75D594B177E5}.Release|Any CPU.ActiveCfg = Release|Any CPU
		{47B33585-D3F6-477E-9E3B-75D594B177E5}.Release|Any CPU.Build.0 = Release|Any CPU
		{4E70CC90-9B29-443D-82CE-34A770E22A82}.Debug|Any CPU.ActiveCfg = Debug|Any CPU
		{4E70CC90-9B29-443D-82CE-34A770E22A82}.Debug|Any CPU.Build.0 = Debug|Any CPU
		{4E70CC90-9B29-443D-82CE-34A770E22A82}.Release|Any CPU.ActiveCfg = Release|Any CPU
		{4E70CC90-9B29-443D-82CE-34A770E22A82}.Release|Any CPU.Build.0 = Release|Any CPU
		{C7F56103-116D-4FB7-B5DB-4A21A54301F0}.Debug|Any CPU.ActiveCfg = Debug|Any CPU
		{C7F56103-116D-4FB7-B5DB-4A21A54301F0}.Debug|Any CPU.Build.0 = Debug|Any CPU
		{C7F56103-116D-4FB7-B5DB-4A21A54301F0}.Release|Any CPU.ActiveCfg = Release|Any CPU
		{C7F56103-116D-4FB7-B5DB-4A21A54301F0}.Release|Any CPU.Build.0 = Release|Any CPU
		{5A21F18B-21E0-4D3E-BD94-779448309192}.Debug|Any CPU.ActiveCfg = Debug|Any CPU
		{5A21F18B-21E0-4D3E-BD94-779448309192}.Debug|Any CPU.Build.0 = Debug|Any CPU
		{5A21F18B-21E0-4D3E-BD94-779448309192}.Release|Any CPU.ActiveCfg = Release|Any CPU
		{5A21F18B-21E0-4D3E-BD94-779448309192}.Release|Any CPU.Build.0 = Release|Any CPU
		{EEACBDE3-7483-4FD7-BAA9-91CDEF219529}.Debug|Any CPU.ActiveCfg = Debug|Any CPU
		{EEACBDE3-7483-4FD7-BAA9-91CDEF219529}.Debug|Any CPU.Build.0 = Debug|Any CPU
		{EEACBDE3-7483-4FD7-BAA9-91CDEF219529}.Release|Any CPU.ActiveCfg = Release|Any CPU
		{EEACBDE3-7483-4FD7-BAA9-91CDEF219529}.Release|Any CPU.Build.0 = Release|Any CPU
		{16B8CD68-BBA4-4BF1-860E-217442D1AD81}.Debug|Any CPU.ActiveCfg = Debug|Any CPU
		{16B8CD68-BBA4-4BF1-860E-217442D1AD81}.Debug|Any CPU.Build.0 = Debug|Any CPU
		{16B8CD68-BBA4-4BF1-860E-217442D1AD81}.Release|Any CPU.ActiveCfg = Release|Any CPU
		{16B8CD68-BBA4-4BF1-860E-217442D1AD81}.Release|Any CPU.Build.0 = Release|Any CPU
		{81E86ED7-9E16-4438-8752-3A25679030C0}.Debug|Any CPU.ActiveCfg = Debug|Any CPU
		{81E86ED7-9E16-4438-8752-3A25679030C0}.Debug|Any CPU.Build.0 = Debug|Any CPU
		{81E86ED7-9E16-4438-8752-3A25679030C0}.Release|Any CPU.ActiveCfg = Release|Any CPU
		{81E86ED7-9E16-4438-8752-3A25679030C0}.Release|Any CPU.Build.0 = Release|Any CPU
		{576DF02F-73E7-4699-9634-C631B4B4BE92}.Debug|Any CPU.ActiveCfg = Debug|Any CPU
		{576DF02F-73E7-4699-9634-C631B4B4BE92}.Debug|Any CPU.Build.0 = Debug|Any CPU
		{576DF02F-73E7-4699-9634-C631B4B4BE92}.Release|Any CPU.ActiveCfg = Release|Any CPU
		{576DF02F-73E7-4699-9634-C631B4B4BE92}.Release|Any CPU.Build.0 = Release|Any CPU
		{1C21617C-1ADF-4221-A87C-60C4D38ABE1C}.Debug|Any CPU.ActiveCfg = Debug|Any CPU
		{1C21617C-1ADF-4221-A87C-60C4D38ABE1C}.Debug|Any CPU.Build.0 = Debug|Any CPU
		{1C21617C-1ADF-4221-A87C-60C4D38ABE1C}.Release|Any CPU.ActiveCfg = Release|Any CPU
		{1C21617C-1ADF-4221-A87C-60C4D38ABE1C}.Release|Any CPU.Build.0 = Release|Any CPU
		{5FD6BD7B-D65E-4684-B065-9F0FFDC94C54}.Debug|Any CPU.ActiveCfg = Debug|Any CPU
		{5FD6BD7B-D65E-4684-B065-9F0FFDC94C54}.Debug|Any CPU.Build.0 = Debug|Any CPU
		{5FD6BD7B-D65E-4684-B065-9F0FFDC94C54}.Release|Any CPU.ActiveCfg = Release|Any CPU
		{5FD6BD7B-D65E-4684-B065-9F0FFDC94C54}.Release|Any CPU.Build.0 = Release|Any CPU
		{F33F0FE0-6EE5-4BCD-9511-462FBF886237}.Debug|Any CPU.ActiveCfg = Debug|Any CPU
		{F33F0FE0-6EE5-4BCD-9511-462FBF886237}.Debug|Any CPU.Build.0 = Debug|Any CPU
		{F33F0FE0-6EE5-4BCD-9511-462FBF886237}.Release|Any CPU.ActiveCfg = Release|Any CPU
		{F33F0FE0-6EE5-4BCD-9511-462FBF886237}.Release|Any CPU.Build.0 = Release|Any CPU
		{320C60F2-E222-47BB-BE3F-2CF5040E4B48}.Debug|Any CPU.ActiveCfg = Debug|Any CPU
		{320C60F2-E222-47BB-BE3F-2CF5040E4B48}.Debug|Any CPU.Build.0 = Debug|Any CPU
		{320C60F2-E222-47BB-BE3F-2CF5040E4B48}.Release|Any CPU.ActiveCfg = Release|Any CPU
		{320C60F2-E222-47BB-BE3F-2CF5040E4B48}.Release|Any CPU.Build.0 = Release|Any CPU
		{6F3569A5-B683-427C-ABFD-8BB4A1EFAFAF}.Debug|Any CPU.ActiveCfg = Debug|Any CPU
		{6F3569A5-B683-427C-ABFD-8BB4A1EFAFAF}.Debug|Any CPU.Build.0 = Debug|Any CPU
		{6F3569A5-B683-427C-ABFD-8BB4A1EFAFAF}.Release|Any CPU.ActiveCfg = Release|Any CPU
		{6F3569A5-B683-427C-ABFD-8BB4A1EFAFAF}.Release|Any CPU.Build.0 = Release|Any CPU
		{AFB5FD9F-8178-4207-BDC7-3DB0C2EC36FB}.Debug|Any CPU.ActiveCfg = Debug|Any CPU
		{AFB5FD9F-8178-4207-BDC7-3DB0C2EC36FB}.Debug|Any CPU.Build.0 = Debug|Any CPU
		{AFB5FD9F-8178-4207-BDC7-3DB0C2EC36FB}.Release|Any CPU.ActiveCfg = Release|Any CPU
		{AFB5FD9F-8178-4207-BDC7-3DB0C2EC36FB}.Release|Any CPU.Build.0 = Release|Any CPU
		{4F65EF17-9E54-4FC6-8BB0-BDFC059B93AB}.Debug|Any CPU.ActiveCfg = Debug|Any CPU
		{4F65EF17-9E54-4FC6-8BB0-BDFC059B93AB}.Debug|Any CPU.Build.0 = Debug|Any CPU
		{4F65EF17-9E54-4FC6-8BB0-BDFC059B93AB}.Release|Any CPU.ActiveCfg = Release|Any CPU
		{4F65EF17-9E54-4FC6-8BB0-BDFC059B93AB}.Release|Any CPU.Build.0 = Release|Any CPU
		{082732AE-82BF-48EF-AE21-A0C40AC6478A}.Debug|Any CPU.ActiveCfg = Debug|Any CPU
		{082732AE-82BF-48EF-AE21-A0C40AC6478A}.Debug|Any CPU.Build.0 = Debug|Any CPU
		{082732AE-82BF-48EF-AE21-A0C40AC6478A}.Release|Any CPU.ActiveCfg = Release|Any CPU
		{082732AE-82BF-48EF-AE21-A0C40AC6478A}.Release|Any CPU.Build.0 = Release|Any CPU
	EndGlobalSection
	GlobalSection(SolutionProperties) = preSolution
		HideSolutionNode = FALSE
	EndGlobalSection
EndGlobal
